
Microsoft Visual Studio Solution File, Format Version 12.00
# Visual Studio Version 17
VisualStudioVersion = 17.10.35013.160
MinimumVisualStudioVersion = 10.0.40219.1
Project("{2150E333-8FDC-42A3-9474-1A3956D46DE8}") = "ChangeLog", "ChangeLog", "{F06C808D-9304-47AB-9B9D-EB35AAEA0966}"
	ProjectSection(SolutionItems) = preProject
		Changelog\tables_postgres.sql = Changelog\tables_postgres.sql
	EndProjectSection
EndProject
Project("{2150E333-8FDC-42A3-9474-1A3956D46DE8}") = "Config", "Config", "{E114E927-A45A-49D6-AC36-DFB0D15D6E4D}"
	ProjectSection(SolutionItems) = preProject
		Config\appsettings.json = Config\appsettings.json
	EndProjectSection
EndProject
Project("{2150E333-8FDC-42A3-9474-1A3956D46DE8}") = "Model", "Model", "{96E3C15F-BCF8-4207-9AAF-08DD7F5D2C61}"
EndProject
Project("{2150E333-8FDC-42A3-9474-1A3956D46DE8}") = "Test", "Test", "{74453823-E159-4E71-A0D1-1C9033938209}"
EndProject
Project("{2150E333-8FDC-42A3-9474-1A3956D46DE8}") = "Src", "Src", "{81FF1728-3FB4-4590-A5EB-2D081389D46A}"
EndProject
Project("{2150E333-8FDC-42A3-9474-1A3956D46DE8}") = "Bussiness", "Bussiness", "{3C542C50-2518-4F89-A2C8-EA75FD3C4858}"
EndProject
Project("{2150E333-8FDC-42A3-9474-1A3956D46DE8}") = "Core", "Core", "{5D45B53D-6149-4905-A765-719E652DA0A7}"
EndProject
Project("{2150E333-8FDC-42A3-9474-1A3956D46DE8}") = "Services", "Services", "{B05CF2D3-69C7-485C-83D6-B653B181D27C}"
EndProject
Project("{9A19103F-16F7-4668-BE54-9A1E7A4F7556}") = "Job.DL", "Src\Bussiness\Job.DL\Job.DL.csproj", "{F32FABF3-EF68-47EB-A395-3B3501B4FFF5}"
EndProject
Project("{9A19103F-16F7-4668-BE54-9A1E7A4F7556}") = "Job.BL", "Src\Bussiness\Job.BL\Job.BL.csproj", "{5B6D56AA-FBD1-4E1E-A690-60407ADCD582}"
EndProject
Project("{9A19103F-16F7-4668-BE54-9A1E7A4F7556}") = "Job.Util", "Src\Core\Job.Util\Job.Util.csproj", "{2FA80F82-FDB5-4294-B094-293891A8EF52}"
EndProject
Project("{9A19103F-16F7-4668-BE54-9A1E7A4F7556}") = "Job.Model", "Src\Model\Job.Model\Job.Model.csproj", "{A6182535-403C-4989-BFC8-7F6699085D40}"
EndProject
Project("{9A19103F-16F7-4668-BE54-9A1E7A4F7556}") = "Job.Worker", "Src\Services\Job.Worker\Job.Worker.csproj", "{524B5E26-3D5A-4813-BA87-5E16BAC61CAE}"
EndProject
Project("{9A19103F-16F7-4668-BE54-9A1E7A4F7556}") = "Job.Test", "Src\Test\Job.Test\Job.Test.csproj", "{B039B770-6697-493C-89FB-6CBA125986A1}"
EndProject
Project("{FAE04EC0-301F-11D3-BF4B-00C04F79EFBC}") = "Job.API", "Src\Services\Job.API\Job.API.csproj", "{663CDC2D-91D6-4C2F-A482-E57E56BA5D4E}"
EndProject
Global
	GlobalSection(SolutionConfigurationPlatforms) = preSolution
		Debug|Any CPU = Debug|Any CPU
		Release|Any CPU = Release|Any CPU
	EndGlobalSection
	GlobalSection(ProjectConfigurationPlatforms) = postSolution
		{F32FABF3-EF68-47EB-A395-3B3501B4FFF5}.Debug|Any CPU.ActiveCfg = Debug|Any CPU
		{F32FABF3-EF68-47EB-A395-3B3501B4FFF5}.Debug|Any CPU.Build.0 = Debug|Any CPU
		{F32FABF3-EF68-47EB-A395-3B3501B4FFF5}.Release|Any CPU.ActiveCfg = Release|Any CPU
		{F32FABF3-EF68-47EB-A395-3B3501B4FFF5}.Release|Any CPU.Build.0 = Release|Any CPU
		{5B6D56AA-FBD1-4E1E-A690-60407ADCD582}.Debug|Any CPU.ActiveCfg = Debug|Any CPU
		{5B6D56AA-FBD1-4E1E-A690-60407ADCD582}.Debug|Any CPU.Build.0 = Debug|Any CPU
		{5B6D56AA-FBD1-4E1E-A690-60407ADCD582}.Release|Any CPU.ActiveCfg = Release|Any CPU
		{5B6D56AA-FBD1-4E1E-A690-60407ADCD582}.Release|Any CPU.Build.0 = Release|Any CPU
		{2FA80F82-FDB5-4294-B094-293891A8EF52}.Debug|Any CPU.ActiveCfg = Debug|Any CPU
		{2FA80F82-FDB5-4294-B094-293891A8EF52}.Debug|Any CPU.Build.0 = Debug|Any CPU
		{2FA80F82-FDB5-4294-B094-293891A8EF52}.Release|Any CPU.ActiveCfg = Release|Any CPU
		{2FA80F82-FDB5-4294-B094-293891A8EF52}.Release|Any CPU.Build.0 = Release|Any CPU
		{A6182535-403C-4989-BFC8-7F6699085D40}.Debug|Any CPU.ActiveCfg = Debug|Any CPU
		{A6182535-403C-4989-BFC8-7F6699085D40}.Debug|Any CPU.Build.0 = Debug|Any CPU
		{A6182535-403C-4989-BFC8-7F6699085D40}.Release|Any CPU.ActiveCfg = Release|Any CPU
		{A6182535-403C-4989-BFC8-7F6699085D40}.Release|Any CPU.Build.0 = Release|Any CPU
		{524B5E26-3D5A-4813-BA87-5E16BAC61CAE}.Debug|Any CPU.ActiveCfg = Debug|Any CPU
		{524B5E26-3D5A-4813-BA87-5E16BAC61CAE}.Debug|Any CPU.Build.0 = Debug|Any CPU
		{524B5E26-3D5A-4813-BA87-5E16BAC61CAE}.Release|Any CPU.ActiveCfg = Release|Any CPU
		{524B5E26-3D5A-4813-BA87-5E16BAC61CAE}.Release|Any CPU.Build.0 = Release|Any CPU
		{B039B770-6697-493C-89FB-6CBA125986A1}.Debug|Any CPU.ActiveCfg = Debug|Any CPU
		{B039B770-6697-493C-89FB-6CBA125986A1}.Debug|Any CPU.Build.0 = Debug|Any CPU
		{B039B770-6697-493C-89FB-6CBA125986A1}.Release|Any CPU.ActiveCfg = Release|Any CPU
		{B039B770-6697-493C-89FB-6CBA125986A1}.Release|Any CPU.Build.0 = Release|Any CPU
		{663CDC2D-91D6-4C2F-A482-E57E56BA5D4E}.Debug|Any CPU.ActiveCfg = Debug|Any CPU
		{663CDC2D-91D6-4C2F-A482-E57E56BA5D4E}.Debug|Any CPU.Build.0 = Debug|Any CPU
		{663CDC2D-91D6-4C2F-A482-E57E56BA5D4E}.Release|Any CPU.ActiveCfg = Release|Any CPU
		{663CDC2D-91D6-4C2F-A482-E57E56BA5D4E}.Release|Any CPU.Build.0 = Release|Any CPU
	EndGlobalSection
	GlobalSection(SolutionProperties) = preSolution
		HideSolutionNode = FALSE
	EndGlobalSection
	GlobalSection(NestedProjects) = preSolution
		{96E3C15F-BCF8-4207-9AAF-08DD7F5D2C61} = {81FF1728-3FB4-4590-A5EB-2D081389D46A}
		{74453823-E159-4E71-A0D1-1C9033938209} = {81FF1728-3FB4-4590-A5EB-2D081389D46A}
		{3C542C50-2518-4F89-A2C8-EA75FD3C4858} = {81FF1728-3FB4-4590-A5EB-2D081389D46A}
		{5D45B53D-6149-4905-A765-719E652DA0A7} = {81FF1728-3FB4-4590-A5EB-2D081389D46A}
		{B05CF2D3-69C7-485C-83D6-B653B181D27C} = {81FF1728-3FB4-4590-A5EB-2D081389D46A}
		{F32FABF3-EF68-47EB-A395-3B3501B4FFF5} = {3C542C50-2518-4F89-A2C8-EA75FD3C4858}
		{5B6D56AA-FBD1-4E1E-A690-60407ADCD582} = {3C542C50-2518-4F89-A2C8-EA75FD3C4858}
		{2FA80F82-FDB5-4294-B094-293891A8EF52} = {5D45B53D-6149-4905-A765-719E652DA0A7}
		{A6182535-403C-4989-BFC8-7F6699085D40} = {96E3C15F-BCF8-4207-9AAF-08DD7F5D2C61}
		{524B5E26-3D5A-4813-BA87-5E16BAC61CAE} = {B05CF2D3-69C7-485C-83D6-B653B181D27C}
		{B039B770-6697-493C-89FB-6CBA125986A1} = {74453823-E159-4E71-A0D1-1C9033938209}
		{663CDC2D-91D6-4C2F-A482-E57E56BA5D4E} = {B05CF2D3-69C7-485C-83D6-B653B181D27C}
	EndGlobalSection
	GlobalSection(ExtensibilityGlobals) = postSolution
		SolutionGuid = {12A377A9-8495-4DE5-8DF6-6274E16E957A}
	EndGlobalSection
EndGlobal
