
Microsoft Visual Studio Solution File, Format Version 12.00
# Visual Studio Version 17
VisualStudioVersion = 17.10.35013.160
MinimumVisualStudioVersion = 10.0.40219.1
Project("{9A19103F-16F7-4668-BE54-9A1E7A4F7556}") = "Job.Worker", "Job.Worker\Job.Worker.csproj", "{E87FF8B8-576F-49D0-9EF4-56DB185E6F15}"
EndProject
Project("{9A19103F-16F7-4668-BE54-9A1E7A4F7556}") = "Job.Management", "Job.Management\Job.Management.csproj", "{8FCA7CFE-F73C-49F7-8CA3-FD4F78064500}"
EndProject
Project("{2150E333-8FDC-42A3-9474-1A3956D46DE8}") = "ScriptDatabase", "ScriptDatabase", "{F06C808D-9304-47AB-9B9D-EB35AAEA0966}"
EndProject
Project("{9A19103F-16F7-4668-BE54-9A1E7A4F7556}") = "Job.Model", "Job.Model\Job.Model.csproj", "{0800D008-9DB2-4224-8B4D-664826205935}"
EndProject
Project("{9A19103F-16F7-4668-BE54-9A1E7A4F7556}") = "Job.BL", "Job.BL\Job.BL.csproj", "{491C84F1-1E54-4786-B32F-16C4A0C380A8}"
EndProject
Project("{9A19103F-16F7-4668-BE54-9A1E7A4F7556}") = "Job.DL", "Job.DL\Job.DL.csproj", "{EEBE523C-E500-4EA1-B067-35E262F51A3C}"
EndProject
Project("{2150E333-8FDC-42A3-9474-1A3956D46DE8}") = "Solution Items", "Solution Items", "{A2E50FF8-8770-4D00-990C-434E9E86F996}"
	ProjectSection(SolutionItems) = preProject
		.gitattributes = .gitattributes
		.gitignore = .gitignore
		README.md = README.md
	EndProjectSection
EndProject
Project("{FAE04EC0-301F-11D3-BF4B-00C04F79EFBC}") = "Job.Test", "Job.Test\Job.Test.csproj", "{AD1B5B1A-5809-4DED-ADCE-95D1CF1A1288}"
EndProject
Project("{FAE04EC0-301F-11D3-BF4B-00C04F79EFBC}") = "Job.Util", "Job.Util\Job.Util.csproj", "{F9E9F5B0-0AB0-447C-B332-9CD80AD3BD53}"
EndProject
Global
	GlobalSection(SolutionConfigurationPlatforms) = preSolution
		Debug|Any CPU = Debug|Any CPU
		Release|Any CPU = Release|Any CPU
	EndGlobalSection
	GlobalSection(ProjectConfigurationPlatforms) = postSolution
		{E87FF8B8-576F-49D0-9EF4-56DB185E6F15}.Debug|Any CPU.ActiveCfg = Debug|Any CPU
		{E87FF8B8-576F-49D0-9EF4-56DB185E6F15}.Debug|Any CPU.Build.0 = Debug|Any CPU
		{E87FF8B8-576F-49D0-9EF4-56DB185E6F15}.Release|Any CPU.ActiveCfg = Release|Any CPU
		{E87FF8B8-576F-49D0-9EF4-56DB185E6F15}.Release|Any CPU.Build.0 = Release|Any CPU
		{8FCA7CFE-F73C-49F7-8CA3-FD4F78064500}.Debug|Any CPU.ActiveCfg = Debug|Any CPU
		{8FCA7CFE-F73C-49F7-8CA3-FD4F78064500}.Debug|Any CPU.Build.0 = Debug|Any CPU
		{8FCA7CFE-F73C-49F7-8CA3-FD4F78064500}.Release|Any CPU.ActiveCfg = Release|Any CPU
		{8FCA7CFE-F73C-49F7-8CA3-FD4F78064500}.Release|Any CPU.Build.0 = Release|Any CPU
		{0800D008-9DB2-4224-8B4D-664826205935}.Debug|Any CPU.ActiveCfg = Debug|Any CPU
		{0800D008-9DB2-4224-8B4D-664826205935}.Debug|Any CPU.Build.0 = Debug|Any CPU
		{0800D008-9DB2-4224-8B4D-664826205935}.Release|Any CPU.ActiveCfg = Release|Any CPU
		{0800D008-9DB2-4224-8B4D-664826205935}.Release|Any CPU.Build.0 = Release|Any CPU
		{491C84F1-1E54-4786-B32F-16C4A0C380A8}.Debug|Any CPU.ActiveCfg = Debug|Any CPU
		{491C84F1-1E54-4786-B32F-16C4A0C380A8}.Debug|Any CPU.Build.0 = Debug|Any CPU
		{491C84F1-1E54-4786-B32F-16C4A0C380A8}.Release|Any CPU.ActiveCfg = Release|Any CPU
		{491C84F1-1E54-4786-B32F-16C4A0C380A8}.Release|Any CPU.Build.0 = Release|Any CPU
		{EEBE523C-E500-4EA1-B067-35E262F51A3C}.Debug|Any CPU.ActiveCfg = Debug|Any CPU
		{EEBE523C-E500-4EA1-B067-35E262F51A3C}.Debug|Any CPU.Build.0 = Debug|Any CPU
		{EEBE523C-E500-4EA1-B067-35E262F51A3C}.Release|Any CPU.ActiveCfg = Release|Any CPU
		{EEBE523C-E500-4EA1-B067-35E262F51A3C}.Release|Any CPU.Build.0 = Release|Any CPU
		{AD1B5B1A-5809-4DED-ADCE-95D1CF1A1288}.Debug|Any CPU.ActiveCfg = Debug|Any CPU
		{AD1B5B1A-5809-4DED-ADCE-95D1CF1A1288}.Debug|Any CPU.Build.0 = Debug|Any CPU
		{AD1B5B1A-5809-4DED-ADCE-95D1CF1A1288}.Release|Any CPU.ActiveCfg = Release|Any CPU
		{AD1B5B1A-5809-4DED-ADCE-95D1CF1A1288}.Release|Any CPU.Build.0 = Release|Any CPU
		{F9E9F5B0-0AB0-447C-B332-9CD80AD3BD53}.Debug|Any CPU.ActiveCfg = Debug|Any CPU
		{F9E9F5B0-0AB0-447C-B332-9CD80AD3BD53}.Debug|Any CPU.Build.0 = Debug|Any CPU
		{F9E9F5B0-0AB0-447C-B332-9CD80AD3BD53}.Release|Any CPU.ActiveCfg = Release|Any CPU
		{F9E9F5B0-0AB0-447C-B332-9CD80AD3BD53}.Release|Any CPU.Build.0 = Release|Any CPU
	EndGlobalSection
	GlobalSection(SolutionProperties) = preSolution
		HideSolutionNode = FALSE
	EndGlobalSection
	GlobalSection(ExtensibilityGlobals) = postSolution
		SolutionGuid = {12A377A9-8495-4DE5-8DF6-6274E16E957A}
	EndGlobalSection
EndGlobal
